
Microsoft Visual Studio Solution File, Format Version 12.00
# Visual Studio Version 16
VisualStudioVersion = 16.0.30128.74
MinimumVisualStudioVersion = 10.0.40219.1
Project("{FAE04EC0-301F-11D3-BF4B-00C04F79EFBC}") = "Servicios", "Servicios\Servicios.csproj", "{64DFAF3F-F9F2-4D99-A448-59DF50D4D112}"
EndProject
Global
	GlobalSection(SolutionConfigurationPlatforms) = preSolution
		Debug|Any CPU = Debug|Any CPU
		Release|Any CPU = Release|Any CPU
	EndGlobalSection
	GlobalSection(ProjectConfigurationPlatforms) = postSolution
		{64DFAF3F-F9F2-4D99-A448-59DF50D4D112}.Debug|Any CPU.ActiveCfg = Debug|Any CPU
		{64DFAF3F-F9F2-4D99-A448-59DF50D4D112}.Debug|Any CPU.Build.0 = Debug|Any CPU
		{64DFAF3F-F9F2-4D99-A448-59DF50D4D112}.Release|Any CPU.ActiveCfg = Release|Any CPU
		{64DFAF3F-F9F2-4D99-A448-59DF50D4D112}.Release|Any CPU.Build.0 = Release|Any CPU
	EndGlobalSection
	GlobalSection(SolutionProperties) = preSolution
		HideSolutionNode = FALSE
	EndGlobalSection
	GlobalSection(ExtensibilityGlobals) = postSolution
		SolutionGuid = {B095B503-F55E-4AE7-969F-FD7EA9F9E5BF}
	EndGlobalSection
EndGlobal
